
Microsoft Visual Studio Solution File, Format Version 12.00
# Visual Studio Version 16
VisualStudioVersion = 16.0.31911.196
MinimumVisualStudioVersion = 10.0.40219.1
Project("{9A19103F-16F7-4668-BE54-9A1E7A4F7556}") = "cargomanagementsystemAPI", "cargomanagementsystemAPI\cargomanagementsystemAPI.csproj", "{4B3263F6-DAE2-42E5-A9AA-86DB62695FAD}"
EndProject
Project("{9A19103F-16F7-4668-BE54-9A1E7A4F7556}") = "cargomanagementsystem.BAL", "cargomanagementsystem.BAL\cargomanagementsystem.BAL.csproj", "{49FD973E-8B7F-4E54-AF02-4F307BFBE8DD}"
EndProject
Project("{9A19103F-16F7-4668-BE54-9A1E7A4F7556}") = "cargomanagementsystem.DAL", "cargomanagementsystem.DAL\cargomanagementsystem.DAL.csproj", "{E260D974-8791-401F-992B-0A4AB80F7A22}"
EndProject
Project("{9A19103F-16F7-4668-BE54-9A1E7A4F7556}") = "cargomanagementsystem.Entity", "cargomanagementsystem.Entity\cargomanagementsystem.Entity.csproj", "{B455BEC7-F3F4-4AD8-A31C-F4752844FE31}"
EndProject
Project("{9A19103F-16F7-4668-BE54-9A1E7A4F7556}") = "cargomanagement.UI", "cargomanagement.UI\cargomanagement.UI.csproj", "{C22DFCF5-8672-459B-A611-06BC2F1C4367}"
EndProject
Global
	GlobalSection(SolutionConfigurationPlatforms) = preSolution
		Debug|Any CPU = Debug|Any CPU
		Release|Any CPU = Release|Any CPU
	EndGlobalSection
	GlobalSection(ProjectConfigurationPlatforms) = postSolution
		{4B3263F6-DAE2-42E5-A9AA-86DB62695FAD}.Debug|Any CPU.ActiveCfg = Debug|Any CPU
		{4B3263F6-DAE2-42E5-A9AA-86DB62695FAD}.Debug|Any CPU.Build.0 = Debug|Any CPU
		{4B3263F6-DAE2-42E5-A9AA-86DB62695FAD}.Release|Any CPU.ActiveCfg = Release|Any CPU
		{4B3263F6-DAE2-42E5-A9AA-86DB62695FAD}.Release|Any CPU.Build.0 = Release|Any CPU
		{49FD973E-8B7F-4E54-AF02-4F307BFBE8DD}.Debug|Any CPU.ActiveCfg = Debug|Any CPU
		{49FD973E-8B7F-4E54-AF02-4F307BFBE8DD}.Debug|Any CPU.Build.0 = Debug|Any CPU
		{49FD973E-8B7F-4E54-AF02-4F307BFBE8DD}.Release|Any CPU.ActiveCfg = Release|Any CPU
		{49FD973E-8B7F-4E54-AF02-4F307BFBE8DD}.Release|Any CPU.Build.0 = Release|Any CPU
		{E260D974-8791-401F-992B-0A4AB80F7A22}.Debug|Any CPU.ActiveCfg = Debug|Any CPU
		{E260D974-8791-401F-992B-0A4AB80F7A22}.Debug|Any CPU.Build.0 = Debug|Any CPU
		{E260D974-8791-401F-992B-0A4AB80F7A22}.Release|Any CPU.ActiveCfg = Release|Any CPU
		{E260D974-8791-401F-992B-0A4AB80F7A22}.Release|Any CPU.Build.0 = Release|Any CPU
		{B455BEC7-F3F4-4AD8-A31C-F4752844FE31}.Debug|Any CPU.ActiveCfg = Debug|Any CPU
		{B455BEC7-F3F4-4AD8-A31C-F4752844FE31}.Debug|Any CPU.Build.0 = Debug|Any CPU
		{B455BEC7-F3F4-4AD8-A31C-F4752844FE31}.Release|Any CPU.ActiveCfg = Release|Any CPU
		{B455BEC7-F3F4-4AD8-A31C-F4752844FE31}.Release|Any CPU.Build.0 = Release|Any CPU
		{C22DFCF5-8672-459B-A611-06BC2F1C4367}.Debug|Any CPU.ActiveCfg = Debug|Any CPU
		{C22DFCF5-8672-459B-A611-06BC2F1C4367}.Debug|Any CPU.Build.0 = Debug|Any CPU
		{C22DFCF5-8672-459B-A611-06BC2F1C4367}.Release|Any CPU.ActiveCfg = Release|Any CPU
		{C22DFCF5-8672-459B-A611-06BC2F1C4367}.Release|Any CPU.Build.0 = Release|Any CPU
	EndGlobalSection
	GlobalSection(SolutionProperties) = preSolution
		HideSolutionNode = FALSE
	EndGlobalSection
	GlobalSection(ExtensibilityGlobals) = postSolution
		SolutionGuid = {BCE9D8EF-AC96-40AA-81B0-FA447A3E1097}
	EndGlobalSection
EndGlobal
